
Microsoft Visual Studio Solution File, Format Version 12.00
# Visual Studio Version 17
VisualStudioVersion = 17.4.33103.184
MinimumVisualStudioVersion = 10.0.40219.1
Project("{FAE04EC0-301F-11D3-BF4B-00C04F79EFBC}") = "Hamming", "Hamming\Hamming.csproj", "{A53F5ACB-5894-478E-B407-6231787F6BA3}"
EndProject
Global
	GlobalSection(SolutionConfigurationPlatforms) = preSolution
		Debug|Any CPU = Debug|Any CPU
		Release|Any CPU = Release|Any CPU
	EndGlobalSection
	GlobalSection(ProjectConfigurationPlatforms) = postSolution
		{A53F5ACB-5894-478E-B407-6231787F6BA3}.Debug|Any CPU.ActiveCfg = Debug|Any CPU
		{A53F5ACB-5894-478E-B407-6231787F6BA3}.Debug|Any CPU.Build.0 = Debug|Any CPU
		{A53F5ACB-5894-478E-B407-6231787F6BA3}.Release|Any CPU.ActiveCfg = Release|Any CPU
		{A53F5ACB-5894-478E-B407-6231787F6BA3}.Release|Any CPU.Build.0 = Release|Any CPU
	EndGlobalSection
	GlobalSection(SolutionProperties) = preSolution
		HideSolutionNode = FALSE
	EndGlobalSection
	GlobalSection(ExtensibilityGlobals) = postSolution
		SolutionGuid = {14BDBA17-5B68-4FF2-9BDA-31D1BD97E07F}
	EndGlobalSection
EndGlobal
